
Microsoft Visual Studio Solution File, Format Version 12.00
# Visual Studio Version 17
VisualStudioVersion = 17.14.36623.8 d17.14
MinimumVisualStudioVersion = 10.0.40219.1
Project("{FAE04EC0-301F-11D3-BF4B-00C04F79EFBC}") = "AR Browse", "AR Browse.csproj", "{26612B85-B5E0-479A-8542-F0331C86A23C}"
EndProject
Global
	GlobalSection(SolutionConfigurationPlatforms) = preSolution
		Debug|Any CPU = Debug|Any CPU
		Release|Any CPU = Release|Any CPU
	EndGlobalSection
	GlobalSection(ProjectConfigurationPlatforms) = postSolution
		{26612B85-B5E0-479A-8542-F0331C86A23C}.Debug|Any CPU.ActiveCfg = Debug|Any CPU
		{26612B85-B5E0-479A-8542-F0331C86A23C}.Debug|Any CPU.Build.0 = Debug|Any CPU
		{26612B85-B5E0-479A-8542-F0331C86A23C}.Release|Any CPU.ActiveCfg = Release|Any CPU
		{26612B85-B5E0-479A-8542-F0331C86A23C}.Release|Any CPU.Build.0 = Release|Any CPU
	EndGlobalSection
	GlobalSection(SolutionProperties) = preSolution
		HideSolutionNode = FALSE
	EndGlobalSection
	GlobalSection(ExtensibilityGlobals) = postSolution
		SolutionGuid = {93EF9180-CBB8-474B-9A2D-90AEA6B1B7CB}
	EndGlobalSection
EndGlobal
